
Microsoft Visual Studio Solution File, Format Version 12.00
# Visual Studio Version 17
VisualStudioVersion = 17.1.32319.34
MinimumVisualStudioVersion = 10.0.40219.1
Project("{FAE04EC0-301F-11D3-BF4B-00C04F79EFBC}") = "AcmeUI", "AcmeUI\AcmeUI.csproj", "{7D310825-B84E-4E5D-A0F3-8230A30FBD0F}"
EndProject
Project("{FAE04EC0-301F-11D3-BF4B-00C04F79EFBC}") = "AcmeDAL", "AcmeDAL\AcmeDAL.csproj", "{3CFD3C48-99BA-4CF3-8A0A-6708A5CB01F9}"
EndProject
Project("{FAE04EC0-301F-11D3-BF4B-00C04F79EFBC}") = "AcmeDTO", "AcmeDTO\AcmeDTO.csproj", "{443CA3CC-0E1D-4E7E-9F05-D0859D6FA278}"
EndProject
Project("{FAE04EC0-301F-11D3-BF4B-00C04F79EFBC}") = "AcmeBL", "AcmeBL\AcmeBL.csproj", "{5EF2B845-E665-45A2-8112-8EC7F59C1182}"
EndProject
Global
	GlobalSection(SolutionConfigurationPlatforms) = preSolution
		Debug|Any CPU = Debug|Any CPU
		Release|Any CPU = Release|Any CPU
	EndGlobalSection
	GlobalSection(ProjectConfigurationPlatforms) = postSolution
		{7D310825-B84E-4E5D-A0F3-8230A30FBD0F}.Debug|Any CPU.ActiveCfg = Debug|Any CPU
		{7D310825-B84E-4E5D-A0F3-8230A30FBD0F}.Debug|Any CPU.Build.0 = Debug|Any CPU
		{7D310825-B84E-4E5D-A0F3-8230A30FBD0F}.Release|Any CPU.ActiveCfg = Release|Any CPU
		{7D310825-B84E-4E5D-A0F3-8230A30FBD0F}.Release|Any CPU.Build.0 = Release|Any CPU
		{3CFD3C48-99BA-4CF3-8A0A-6708A5CB01F9}.Debug|Any CPU.ActiveCfg = Debug|Any CPU
		{3CFD3C48-99BA-4CF3-8A0A-6708A5CB01F9}.Debug|Any CPU.Build.0 = Debug|Any CPU
		{3CFD3C48-99BA-4CF3-8A0A-6708A5CB01F9}.Release|Any CPU.ActiveCfg = Release|Any CPU
		{3CFD3C48-99BA-4CF3-8A0A-6708A5CB01F9}.Release|Any CPU.Build.0 = Release|Any CPU
		{443CA3CC-0E1D-4E7E-9F05-D0859D6FA278}.Debug|Any CPU.ActiveCfg = Debug|Any CPU
		{443CA3CC-0E1D-4E7E-9F05-D0859D6FA278}.Debug|Any CPU.Build.0 = Debug|Any CPU
		{443CA3CC-0E1D-4E7E-9F05-D0859D6FA278}.Release|Any CPU.ActiveCfg = Release|Any CPU
		{443CA3CC-0E1D-4E7E-9F05-D0859D6FA278}.Release|Any CPU.Build.0 = Release|Any CPU
		{5EF2B845-E665-45A2-8112-8EC7F59C1182}.Debug|Any CPU.ActiveCfg = Debug|Any CPU
		{5EF2B845-E665-45A2-8112-8EC7F59C1182}.Debug|Any CPU.Build.0 = Debug|Any CPU
		{5EF2B845-E665-45A2-8112-8EC7F59C1182}.Release|Any CPU.ActiveCfg = Release|Any CPU
		{5EF2B845-E665-45A2-8112-8EC7F59C1182}.Release|Any CPU.Build.0 = Release|Any CPU
	EndGlobalSection
	GlobalSection(SolutionProperties) = preSolution
		HideSolutionNode = FALSE
	EndGlobalSection
	GlobalSection(ExtensibilityGlobals) = postSolution
		SolutionGuid = {3AD48622-9DAF-4C74-A549-165D928E659C}
	EndGlobalSection
EndGlobal
